
Microsoft Visual Studio Solution File, Format Version 12.00
# Visual Studio Version 17
VisualStudioVersion = 17.4.33213.308
MinimumVisualStudioVersion = 10.0.40219.1
Project("{FAE04EC0-301F-11D3-BF4B-00C04F79EFBC}") = "Sumalinog_Regression", "Sumalinog_Regression\Sumalinog_Regression.csproj", "{4165426E-F3AA-4341-8602-4EB7ADC656EB}"
EndProject
Global
	GlobalSection(SolutionConfigurationPlatforms) = preSolution
		Debug|Any CPU = Debug|Any CPU
		Release|Any CPU = Release|Any CPU
	EndGlobalSection
	GlobalSection(ProjectConfigurationPlatforms) = postSolution
		{4165426E-F3AA-4341-8602-4EB7ADC656EB}.Debug|Any CPU.ActiveCfg = Debug|Any CPU
		{4165426E-F3AA-4341-8602-4EB7ADC656EB}.Debug|Any CPU.Build.0 = Debug|Any CPU
		{4165426E-F3AA-4341-8602-4EB7ADC656EB}.Release|Any CPU.ActiveCfg = Release|Any CPU
		{4165426E-F3AA-4341-8602-4EB7ADC656EB}.Release|Any CPU.Build.0 = Release|Any CPU
	EndGlobalSection
	GlobalSection(SolutionProperties) = preSolution
		HideSolutionNode = FALSE
	EndGlobalSection
	GlobalSection(ExtensibilityGlobals) = postSolution
		SolutionGuid = {634F6A3F-A3C7-4BB2-8B30-63F8D9FCB279}
	EndGlobalSection
EndGlobal
